
Microsoft Visual Studio Solution File, Format Version 12.00
# Visual Studio 15
VisualStudioVersion = 15.0.28010.2016
MinimumVisualStudioVersion = 10.0.40219.1
Project("{FAE04EC0-301F-11D3-BF4B-00C04F79EFBC}") = "Assignment-1", "Assignment-1\Assignment-1.csproj", "{385A4D24-F3D5-4C0B-B8BE-D97A8278B879}"
EndProject
Global
	GlobalSection(SolutionConfigurationPlatforms) = preSolution
		Debug|Any CPU = Debug|Any CPU
		Release|Any CPU = Release|Any CPU
	EndGlobalSection
	GlobalSection(ProjectConfigurationPlatforms) = postSolution
		{385A4D24-F3D5-4C0B-B8BE-D97A8278B879}.Debug|Any CPU.ActiveCfg = Debug|Any CPU
		{385A4D24-F3D5-4C0B-B8BE-D97A8278B879}.Debug|Any CPU.Build.0 = Debug|Any CPU
		{385A4D24-F3D5-4C0B-B8BE-D97A8278B879}.Release|Any CPU.ActiveCfg = Release|Any CPU
		{385A4D24-F3D5-4C0B-B8BE-D97A8278B879}.Release|Any CPU.Build.0 = Release|Any CPU
	EndGlobalSection
	GlobalSection(SolutionProperties) = preSolution
		HideSolutionNode = FALSE
	EndGlobalSection
	GlobalSection(ExtensibilityGlobals) = postSolution
		SolutionGuid = {207F31C1-E254-4535-BC8A-708AF2E54261}
	EndGlobalSection
EndGlobal
